PODS:
  - AFNetworking (4.0.1):
    - AFNetworking/NSURLSession (= 4.0.1)
    - AFNetworking/Reachability (= 4.0.1)
    - AFNetworking/Security (= 4.0.1)
    - AFNetworking/Serialization (= 4.0.1)
    - AFNetworking/UIKit (= 4.0.1)
  - AFNetworking/NSURLSession (4.0.1):
    - AFNetworking/Reachability
    - AFNetworking/Security
    - AFNetworking/Serialization
  - AFNetworking/Reachability (4.0.1)
  - AFNetworking/Security (4.0.1)
  - AFNetworking/Serialization (4.0.1)
  - AFNetworking/UIKit (4.0.1):
    - AFNetworking/NSURLSession
  - cloud_functions (0.9.0):
    - Firebase/Functions (= 7.3.0)
    - firebase_core
    - Flutter
  - Firebase/CoreOnly (7.3.0):
    - FirebaseCore (= 7.3.0)
  - Firebase/Functions (7.3.0):
    - Firebase/CoreOnly
    - FirebaseFunctions (~> 7.3.0)
  - firebase_core (0.7.0):
    - Firebase/CoreOnly (= 7.3.0)
    - Flutter
  - FirebaseCore (7.3.0):
    - FirebaseCoreDiagnostics (~> 7.0)
    - GoogleUtilities/Environment (~> 7.0)
    - GoogleUtilities/Logger (~> 7.0)
  - FirebaseCoreDiagnostics (7.5.0):
    - GoogleDataTransport (~> 8.0)
    - GoogleUtilities/Environment (~> 7.0)
    - GoogleUtilities/Logger (~> 7.0)
    - nanopb (~> 2.30907.0)
  - FirebaseFunctions (7.3.0):
    - FirebaseCore (~> 7.0)
    - GTMSessionFetcher/Core (~> 1.4)
  - Flutter (1.0.0)
  - GoogleDataTransport (8.2.0):
    - nanopb (~> 2.30907.0)
  - GoogleUtilities/Environment (7.2.0):
    - PromisesObjC (~> 1.2)
  - GoogleUtilities/Logger (7.2.0):
    - GoogleUtilities/Environment
  - GTMSessionFetcher/Core (1.5.0)
  - image_picker (0.0.1):
    - Flutter
  - image_pickers (0.0.1):
    - AFNetworking
    - Flutter
    - ZLPhotoBrowser-objc (= 1.0.2)
  - nanopb (2.30907.0):
    - nanopb/decode (= 2.30907.0)
    - nanopb/encode (= 2.30907.0)
  - nanopb/decode (2.30907.0)
  - nanopb/encode (2.30907.0)
  - PromisesObjC (1.2.12)
  - SDWebImage (5.10.3):
    - SDWebImage/Core (= 5.10.3)
  - SDWebImage/Core (5.10.3)
  - ZLPhotoBrowser-objc (1.0.2):
    - SDWebImage

DEPENDENCIES:
  - cloud_functions (from `.symlinks/plugins/cloud_functions/ios`)
  - firebase_core (from `.symlinks/plugins/firebase_core/ios`)
  - Flutter (from `Flutter`)
  - image_picker (from `.symlinks/plugins/image_picker/ios`)
  - image_pickers (from `.symlinks/plugins/image_pickers/ios`)

SPEC REPOS:
  trunk:
    - AFNetworking
    - Firebase
    - FirebaseCore
    - FirebaseCoreDiagnostics
    - FirebaseFunctions
    - GoogleDataTransport
    - GoogleUtilities
    - GTMSessionFetcher
    - nanopb
    - PromisesObjC
    - SDWebImage
    - ZLPhotoBrowser-objc

EXTERNAL SOURCES:
  cloud_functions:
    :path: ".symlinks/plugins/cloud_functions/ios"
  firebase_core:
    :path: ".symlinks/plugins/firebase_core/ios"
  Flutter:
    :path: Flutter
  image_picker:
    :path: ".symlinks/plugins/image_picker/ios"
  image_pickers:
    :path: ".symlinks/plugins/image_pickers/ios"

SPEC CHECKSUMS:
  AFNetworking: 7864c38297c79aaca1500c33288e429c3451fdce
  cloud_functions: b4880478d8484299647004b1ee9d2d75b156ee03
  Firebase: 26223c695fe322633274198cb19dca8cb7e54416
  firebase_core: 91b27774a52f41f8b58484a75edf71197ac01c59
  FirebaseCore: 4d3c72622ce0e2106aaa07bb4b2935ba2c370972
  FirebaseCoreDiagnostics: 35685db68b11fe7d19d2d8b557fd7e3a56ac81cc
  FirebaseFunctions: 56b7275ad46d936b77b64ecacd306e77db7be251
  Flutter: 434fef37c0980e73bb6479ef766c45957d4b510c
  GoogleDataTransport: 1024b1a4dfbd7a0e92cb20d7e0a6f1fb66b449a4
  GoogleUtilities: d866834472f1324d080496bc67ab3ce5d0d46027
  GTMSessionFetcher: b3503b20a988c4e20cc189aa798fd18220133f52
  image_picker: 9c3312491f862b28d21ecd8fdf0ee14e601b3f09
  image_pickers: 4a20d713c9029a75582e28482271e92d72d334fd
  nanopb: 59221d7f958fb711001e6a449489542d92ae113e
  PromisesObjC: 3113f7f76903778cf4a0586bd1ab89329a0b7b97
  SDWebImage: e378178472b735e84b007bfb55514c97948a0598
  ZLPhotoBrowser-objc: c7684215bbde0ee990ad7bd1008e13bc3e6f6a32

PODFILE CHECKSUM: b20d6bc36ec9a72b7cc1c9bcc1456550d2f5043f

COCOAPODS: 1.10.0
